
Microsoft Visual Studio Solution File, Format Version 12.00
# Visual Studio 15
VisualStudioVersion = 15.0.26730.15
MinimumVisualStudioVersion = 10.0.40219.1
Project("{8BC9CEB8-8B4A-11D0-8D11-00A0C91BC942}") = "extraccion", "extraccion\extraccion.vcxproj", "{F1B8A985-DE4E-4466-89A3-771AC54118CA}"
EndProject
Project("{8BC9CEB8-8B4A-11D0-8D11-00A0C91BC942}") = "twitter", "twitter\twitter.vcxproj", "{04266050-EE80-40BE-BBC2-39AB7F174BC6}"
EndProject
Project("{8BC9CEB8-8B4A-11D0-8D11-00A0C91BC942}") = "testing", "testing\testing.vcxproj", "{496A1D4D-29CE-4D1B-B0BD-E367C2E3F8A3}"
EndProject
Global
	GlobalSection(SolutionConfigurationPlatforms) = preSolution
		Debug|x64 = Debug|x64
		Debug|x86 = Debug|x86
		Release|x64 = Release|x64
		Release|x86 = Release|x86
	EndGlobalSection
	GlobalSection(ProjectConfigurationPlatforms) = postSolution
		{F1B8A985-DE4E-4466-89A3-771AC54118CA}.Debug|x64.ActiveCfg = Debug|x64
		{F1B8A985-DE4E-4466-89A3-771AC54118CA}.Debug|x64.Build.0 = Debug|x64
		{F1B8A985-DE4E-4466-89A3-771AC54118CA}.Debug|x86.ActiveCfg = Debug|Win32
		{F1B8A985-DE4E-4466-89A3-771AC54118CA}.Debug|x86.Build.0 = Debug|Win32
		{F1B8A985-DE4E-4466-89A3-771AC54118CA}.Release|x64.ActiveCfg = Release|x64
		{F1B8A985-DE4E-4466-89A3-771AC54118CA}.Release|x64.Build.0 = Release|x64
		{F1B8A985-DE4E-4466-89A3-771AC54118CA}.Release|x86.ActiveCfg = Release|Win32
		{F1B8A985-DE4E-4466-89A3-771AC54118CA}.Release|x86.Build.0 = Release|Win32
		{04266050-EE80-40BE-BBC2-39AB7F174BC6}.Debug|x64.ActiveCfg = Debug|x64
		{04266050-EE80-40BE-BBC2-39AB7F174BC6}.Debug|x64.Build.0 = Debug|x64
		{04266050-EE80-40BE-BBC2-39AB7F174BC6}.Debug|x86.ActiveCfg = Debug|Win32
		{04266050-EE80-40BE-BBC2-39AB7F174BC6}.Debug|x86.Build.0 = Debug|Win32
		{04266050-EE80-40BE-BBC2-39AB7F174BC6}.Release|x64.ActiveCfg = Release|x64
		{04266050-EE80-40BE-BBC2-39AB7F174BC6}.Release|x64.Build.0 = Release|x64
		{04266050-EE80-40BE-BBC2-39AB7F174BC6}.Release|x86.ActiveCfg = Release|Win32
		{04266050-EE80-40BE-BBC2-39AB7F174BC6}.Release|x86.Build.0 = Release|Win32
		{496A1D4D-29CE-4D1B-B0BD-E367C2E3F8A3}.Debug|x64.ActiveCfg = Debug|x64
		{496A1D4D-29CE-4D1B-B0BD-E367C2E3F8A3}.Debug|x64.Build.0 = Debug|x64
		{496A1D4D-29CE-4D1B-B0BD-E367C2E3F8A3}.Debug|x86.ActiveCfg = Debug|Win32
		{496A1D4D-29CE-4D1B-B0BD-E367C2E3F8A3}.Debug|x86.Build.0 = Debug|Win32
		{496A1D4D-29CE-4D1B-B0BD-E367C2E3F8A3}.Release|x64.ActiveCfg = Release|x64
		{496A1D4D-29CE-4D1B-B0BD-E367C2E3F8A3}.Release|x64.Build.0 = Release|x64
		{496A1D4D-29CE-4D1B-B0BD-E367C2E3F8A3}.Release|x86.ActiveCfg = Release|Win32
		{496A1D4D-29CE-4D1B-B0BD-E367C2E3F8A3}.Release|x86.Build.0 = Release|Win32
	EndGlobalSection
	GlobalSection(SolutionProperties) = preSolution
		HideSolutionNode = FALSE
	EndGlobalSection
	GlobalSection(ExtensibilityGlobals) = postSolution
		SolutionGuid = {DA1B59C1-89B7-4C79-8F15-1354913B835B}
	EndGlobalSection
EndGlobal
