<?xml version="1.0" encoding="utf-8"?>
<Project ToolsVersion="4.0" xmlns="http://schemas.microsoft.com/developer/msbuild/2003">
  <ItemGroup>
    <Filter Include="Archivos de código fuente">
      <UniqueIdentifier>{4FC737F1-C7A5-4376-A066-2A32D752A2FF}</UniqueIdentifier>
      <Extensions>cpp;c;cc;cxx;def;odl;idl;hpj;bat;asm;asmx</Extensions>
    </Filter>
    <Filter Include="Archivos de encabezado">
      <UniqueIdentifier>{93995380-89BD-4b04-88EB-625FBE52EBFB}</UniqueIdentifier>
      <Extensions>h;hh;hpp;hxx;hm;inl;inc;xsd</Extensions>
    </Filter>
    <Filter Include="Archivos de recursos">
      <UniqueIdentifier>{67DA6AB6-F800-4c08-8B7A-83BB121AAD01}</UniqueIdentifier>
      <Extensions>rc;ico;cur;bmp;dlg;rc2;rct;bin;rgs;gif;jpg;jpeg;jpe;resx;tiff;tif;png;wav;mfcribbon-ms</Extensions>
    </Filter>
    <Filter Include="Archivos de código fuente\modelo">
      <UniqueIdentifier>{e457a55e-94bb-4caf-b0c9-2ea7bbdc3538}</UniqueIdentifier>
    </Filter>
    <Filter Include="Archivos de encabezado\modelo">
      <UniqueIdentifier>{f8e1d7c6-80b9-4bf2-b6a3-1c66fe9c5c18}</UniqueIdentifier>
    </Filter>
    <Filter Include="Archivos de código fuente\comunicacion">
      <UniqueIdentifier>{8f264f33-cd2f-41ed-a034-921d6ee1c126}</UniqueIdentifier>
    </Filter>
    <Filter Include="Archivos de encabezado\comunicacion">
      <UniqueIdentifier>{d206f134-9cb9-4c4a-95bf-f76304138ebc}</UniqueIdentifier>
    </Filter>
  </ItemGroup>
  <ItemGroup>
    <ClInclude Include="include\ConsumidorAPI.h">
      <Filter>Archivos de encabezado</Filter>
    </ClInclude>
    <ClInclude Include="include\Aplicacion.h">
      <Filter>Archivos de encabezado\modelo</Filter>
    </ClInclude>
    <ClInclude Include="include\Publicacion.h">
      <Filter>Archivos de encabezado\modelo</Filter>
    </ClInclude>
    <ClInclude Include="include\SolicitudUltimasPublicaciones.h">
      <Filter>Archivos de encabezado\comunicacion</Filter>
    </ClInclude>
    <ClInclude Include="include\Pagina.h">
      <Filter>Archivos de encabezado\modelo</Filter>
    </ClInclude>
    <ClInclude Include="include\SolicitudPublicaciones.h">
      <Filter>Archivos de encabezado\comunicacion</Filter>
    </ClInclude>
  </ItemGroup>
  <ItemGroup>
    <ClCompile Include="source\ConsumidorAPI.cpp">
      <Filter>Archivos de código fuente</Filter>
    </ClCompile>
    <ClCompile Include="source\Aplicacion.cpp">
      <Filter>Archivos de código fuente\modelo</Filter>
    </ClCompile>
    <ClCompile Include="source\Publicacion.cpp">
      <Filter>Archivos de código fuente\modelo</Filter>
    </ClCompile>
    <ClCompile Include="source\SolicitudUltimasPublicaciones.cpp">
      <Filter>Archivos de código fuente\comunicacion</Filter>
    </ClCompile>
    <ClCompile Include="source\Pagina.cpp">
      <Filter>Archivos de código fuente\modelo</Filter>
    </ClCompile>
    <ClCompile Include="source\SolicitudPublicaciones.cpp">
      <Filter>Archivos de código fuente\comunicacion</Filter>
    </ClCompile>
  </ItemGroup>
</Project>