<?xml version="1.0" encoding="utf-8"?>
<Project ToolsVersion="4.0" xmlns="http://schemas.microsoft.com/developer/msbuild/2003">
  <ItemGroup>
    <Filter Include="Archivos de código fuente">
      <UniqueIdentifier>{4FC737F1-C7A5-4376-A066-2A32D752A2FF}</UniqueIdentifier>
      <Extensions>cpp;c;cc;cxx;def;odl;idl;hpj;bat;asm;asmx</Extensions>
    </Filter>
    <Filter Include="Archivos de encabezado">
      <UniqueIdentifier>{93995380-89BD-4b04-88EB-625FBE52EBFB}</UniqueIdentifier>
      <Extensions>h;hh;hpp;hxx;hm;inl;inc;xsd</Extensions>
    </Filter>
    <Filter Include="Archivos de recursos">
      <UniqueIdentifier>{67DA6AB6-F800-4c08-8B7A-83BB121AAD01}</UniqueIdentifier>
      <Extensions>rc;ico;cur;bmp;dlg;rc2;rct;bin;rgs;gif;jpg;jpeg;jpe;resx;tiff;tif;png;wav;mfcribbon-ms</Extensions>
    </Filter>
    <Filter Include="Archivos de código fuente\mapeo">
      <UniqueIdentifier>{f794a179-020b-427f-8c60-47c0044755a0}</UniqueIdentifier>
    </Filter>
    <Filter Include="Archivos de encabezado\mapeo">
      <UniqueIdentifier>{49a181e6-31c6-40dc-8551-a8977a65aca2}</UniqueIdentifier>
    </Filter>
    <Filter Include="Archivos de código fuente\depurables">
      <UniqueIdentifier>{426c5efd-6a47-4fb6-94af-5e6f9d88c6dd}</UniqueIdentifier>
    </Filter>
    <Filter Include="Archivos de encabezado\depurables">
      <UniqueIdentifier>{7c8fcc98-5b5b-4bb9-8542-1b2cf15329ff}</UniqueIdentifier>
    </Filter>
  </ItemGroup>
  <ItemGroup>
    <ClInclude Include="include\Depurador.h">
      <Filter>Archivos de encabezado</Filter>
    </ClInclude>
    <ClInclude Include="include\ContenidoDepurado.h">
      <Filter>Archivos de encabezado</Filter>
    </ClInclude>
    <ClInclude Include="include\Registro.h">
      <Filter>Archivos de encabezado\mapeo</Filter>
    </ClInclude>
    <ClInclude Include="include\MapaUTF8.h">
      <Filter>Archivos de encabezado\mapeo</Filter>
    </ClInclude>
    <ClInclude Include="include\IDepurable.h">
      <Filter>Archivos de encabezado\depurables</Filter>
    </ClInclude>
    <ClInclude Include="include\DepurableTweet.h">
      <Filter>Archivos de encabezado\depurables</Filter>
    </ClInclude>
  </ItemGroup>
  <ItemGroup>
    <ClCompile Include="source\Depurador.cpp">
      <Filter>Archivos de código fuente</Filter>
    </ClCompile>
    <ClCompile Include="source\ContenidoDepurado.cpp">
      <Filter>Archivos de código fuente</Filter>
    </ClCompile>
    <ClCompile Include="source\Registro.cpp">
      <Filter>Archivos de código fuente\mapeo</Filter>
    </ClCompile>
    <ClCompile Include="source\MapaUTF8.cpp">
      <Filter>Archivos de código fuente\mapeo</Filter>
    </ClCompile>
    <ClCompile Include="source\IDepurable.cpp">
      <Filter>Archivos de código fuente\depurables</Filter>
    </ClCompile>
    <ClCompile Include="source\DepurableTweet.cpp">
      <Filter>Archivos de código fuente\depurables</Filter>
    </ClCompile>
  </ItemGroup>
</Project>